
Microsoft Visual Studio Solution File, Format Version 12.00
# Visual Studio Version 17
VisualStudioVersion = 17.0.31903.59
MinimumVisualStudioVersion = 10.0.40219.1
Project("{FAE04EC0-301F-11D3-BF4B-00C04F79EFBC}") = "Exercise01", "Exercise01\Exercise01.csproj", "{87AE6D7B-91C3-4FC7-8A57-0E094468D6E6}"
EndProject
Project("{FAE04EC0-301F-11D3-BF4B-00C04F79EFBC}") = "Exercise02", "Exercise02\Exercise02.csproj", "{72F80D16-9DC5-485B-874E-FE59797F4084}"
EndProject
Project("{FAE04EC0-301F-11D3-BF4B-00C04F79EFBC}") = "Exercise03", "Exercise03\Exercise03.csproj", "{30E58A57-BC8D-4BD6-BEF5-11D08D379623}"
EndProject
Project("{FAE04EC0-301F-11D3-BF4B-00C04F79EFBC}") = "Exercise04", "Exercise04\Exercise04.csproj", "{89097EBA-EA56-464E-AB32-5BFEA2E004E4}"
EndProject
Global
	GlobalSection(SolutionConfigurationPlatforms) = preSolution
		Debug|Any CPU = Debug|Any CPU
		Release|Any CPU = Release|Any CPU
	EndGlobalSection
	GlobalSection(SolutionProperties) = preSolution
		HideSolutionNode = FALSE
	EndGlobalSection
	GlobalSection(ProjectConfigurationPlatforms) = postSolution
		{87AE6D7B-91C3-4FC7-8A57-0E094468D6E6}.Debug|Any CPU.ActiveCfg = Debug|Any CPU
		{87AE6D7B-91C3-4FC7-8A57-0E094468D6E6}.Debug|Any CPU.Build.0 = Debug|Any CPU
		{87AE6D7B-91C3-4FC7-8A57-0E094468D6E6}.Release|Any CPU.ActiveCfg = Release|Any CPU
		{87AE6D7B-91C3-4FC7-8A57-0E094468D6E6}.Release|Any CPU.Build.0 = Release|Any CPU
		{72F80D16-9DC5-485B-874E-FE59797F4084}.Debug|Any CPU.ActiveCfg = Debug|Any CPU
		{72F80D16-9DC5-485B-874E-FE59797F4084}.Debug|Any CPU.Build.0 = Debug|Any CPU
		{72F80D16-9DC5-485B-874E-FE59797F4084}.Release|Any CPU.ActiveCfg = Release|Any CPU
		{72F80D16-9DC5-485B-874E-FE59797F4084}.Release|Any CPU.Build.0 = Release|Any CPU
		{30E58A57-BC8D-4BD6-BEF5-11D08D379623}.Debug|Any CPU.ActiveCfg = Debug|Any CPU
		{30E58A57-BC8D-4BD6-BEF5-11D08D379623}.Debug|Any CPU.Build.0 = Debug|Any CPU
		{30E58A57-BC8D-4BD6-BEF5-11D08D379623}.Release|Any CPU.ActiveCfg = Release|Any CPU
		{30E58A57-BC8D-4BD6-BEF5-11D08D379623}.Release|Any CPU.Build.0 = Release|Any CPU
		{89097EBA-EA56-464E-AB32-5BFEA2E004E4}.Debug|Any CPU.ActiveCfg = Debug|Any CPU
		{89097EBA-EA56-464E-AB32-5BFEA2E004E4}.Debug|Any CPU.Build.0 = Debug|Any CPU
		{89097EBA-EA56-464E-AB32-5BFEA2E004E4}.Release|Any CPU.ActiveCfg = Release|Any CPU
		{89097EBA-EA56-464E-AB32-5BFEA2E004E4}.Release|Any CPU.Build.0 = Release|Any CPU
	EndGlobalSection
EndGlobal
